// !$*UTF8*$!
{
	archiveVersion = 1;
	classes = {
	};
	objectVersion = 54;
	objects = {

/* Begin PBXBuildFile section */
		00E356F31AD99517003FC87E /* MentalHealthTests.m in Sources */ = {isa = PBXBuildFile; fileRef = 00E356F21AD99517003FC87E /* MentalHealthTests.m */; };
		0885B29751FF42671FA83C3F /* libPods-MentalHealth-MentalHealthTests.a in Frameworks */ = {isa = PBXBuildFile; fileRef = 5DF1B0DE09E97527FC708632 /* libPods-MentalHealth-MentalHealthTests.a */; };
		0FE084EB24354B5B8F02DEE7 /* Roboto-Thin.ttf in Resources */ = {isa = PBXBuildFile; fileRef = 0719E36FDD2A4F4AA48AE7A6 /* Roboto-Thin.ttf */; };
		109D24EF81AA4DCEB7783558 /* SimpleLineIcons.ttf in Resources */ = {isa = PBXBuildFile; fileRef = 2A25AC17FED74D0092B55F2E /* SimpleLineIcons.ttf */; };
		13B07FBC1A68108700A75B9A /* AppDelegate.m in Sources */ = {isa = PBXBuildFile; fileRef = 13B07FB01A68108700A75B9A /* AppDelegate.m */; };
		13B07FBF1A68108700A75B9A /* Images.xcassets in Resources */ = {isa = PBXBuildFile; fileRef = 13B07FB51A68108700A75B9A /* Images.xcassets */; };
		13B07FC11A68108700A75B9A /* main.m in Sources */ = {isa = PBXBuildFile; fileRef = 13B07FB71A68108700A75B9A /* main.m */; };
		1AD11F58795DC48AA70CBA74 /* (null) in Frameworks */ = {isa = PBXBuildFile; };
		1CFC6142E2A94AD08D2165D8 /* Roboto-BlackItalic.ttf in Resources */ = {isa = PBXBuildFile; fileRef = E0611903948D4F75A5AAF24A /* Roboto-BlackItalic.ttf */; };
		246BE758E52A45178A107891 /* Roboto-MediumItalic.ttf in Resources */ = {isa = PBXBuildFile; fileRef = D64EB73B3B364069B032E7E5 /* Roboto-MediumItalic.ttf */; };
		3FAF077F571A42B7BDEF2F37 /* Octicons.ttf in Resources */ = {isa = PBXBuildFile; fileRef = E247DAA78E9C42B8A6B14223 /* Octicons.ttf */; };
		4DFC13DA77004000B6786A33 /* Feather.ttf in Resources */ = {isa = PBXBuildFile; fileRef = 71E3F1CBA4A346FD9B3193EE /* Feather.ttf */; };
		5184EC6572F043788E70977B /* Roboto-Light.ttf in Resources */ = {isa = PBXBuildFile; fileRef = 6CD31BA84AD34D2BA362D214 /* Roboto-Light.ttf */; };
		5AE65713C9924834B1517FB6 /* Roboto-ThinItalic.ttf in Resources */ = {isa = PBXBuildFile; fileRef = 37526F59253646F3A0DF63CF /* Roboto-ThinItalic.ttf */; };
		65E0D126DF7A4C04839391D7 /* Roboto-Black.ttf in Resources */ = {isa = PBXBuildFile; fileRef = C8EAAB0A2A334A468E2DFE11 /* Roboto-Black.ttf */; };
		678467C22DE14CC99227B6FF /* FontAwesome.ttf in Resources */ = {isa = PBXBuildFile; fileRef = BF37BD4D228A4D269723CAC1 /* FontAwesome.ttf */; };
		69CCC2BCBB804519B4954715 /* Roboto-Medium.ttf in Resources */ = {isa = PBXBuildFile; fileRef = 57CC55B1B8DE4D7F94BEE961 /* Roboto-Medium.ttf */; };
		6B38A41D6BBD456CADF20FDD /* MaterialCommunityIcons.ttf in Resources */ = {isa = PBXBuildFile; fileRef = 3183446B200A4C57BEE5178B /* MaterialCommunityIcons.ttf */; };
		6C5CCAE96A34421B9C7FF6BA /* AntDesign.ttf in Resources */ = {isa = PBXBuildFile; fileRef = 913D09AC068A474EB0D437B1 /* AntDesign.ttf */; };
		701782053EF74A5E9F8F65D8 /* FontAwesome5_Regular.ttf in Resources */ = {isa = PBXBuildFile; fileRef = 28E517671D76455CB2185AC5 /* FontAwesome5_Regular.ttf */; };
		81AB9BB82411601600AC10FF /* LaunchScreen.storyboard in Resources */ = {isa = PBXBuildFile; fileRef = 81AB9BB72411601600AC10FF /* LaunchScreen.storyboard */; };
		9009E5E68715480C92C31002 /* Foundation.ttf in Resources */ = {isa = PBXBuildFile; fileRef = 284DF942931E4CECAF8BFBF2 /* Foundation.ttf */; };
		92EBDDF138A2484AAD2939C9 /* Ionicons.ttf in Resources */ = {isa = PBXBuildFile; fileRef = A535BDB6F83D42CA85B640B7 /* Ionicons.ttf */; };
		947205F1518241FB9FFA3BDD /* EvilIcons.ttf in Resources */ = {isa = PBXBuildFile; fileRef = 58628273D9484ABDB29E9F18 /* EvilIcons.ttf */; };
		9DE7A3F4B42846358C80B75B /* Zocial.ttf in Resources */ = {isa = PBXBuildFile; fileRef = CBE39388797C469FBB728B7E /* Zocial.ttf */; };
		A0F614CF8E1840C6B7D8D7C8 /* Roboto-Regular.ttf in Resources */ = {isa = PBXBuildFile; fileRef = 0D01F1DE610A4A7BA3322F6E /* Roboto-Regular.ttf */; };
		AECA5C7C688B46E7BF3EE82E /* Fontisto.ttf in Resources */ = {isa = PBXBuildFile; fileRef = E63BA35360D744939442E965 /* Fontisto.ttf */; };
		C0E6C9D4A10641A3BA99FAB4 /* FontAwesome5_Brands.ttf in Resources */ = {isa = PBXBuildFile; fileRef = D27EEF81D1024C889D712984 /* FontAwesome5_Brands.ttf */; };
		C12C21D531014E1A91BD6641 /* FontAwesome5_Solid.ttf in Resources */ = {isa = PBXBuildFile; fileRef = 5BB5756338C049BBAA0E55D3 /* FontAwesome5_Solid.ttf */; };
		C825C59CD4C549B9BDCF3A8F /* Entypo.ttf in Resources */ = {isa = PBXBuildFile; fileRef = 54F22738B7594D8492EE56E6 /* Entypo.ttf */; };
		C87F2DF68B2349A685ACBF49 /* MaterialIcons.ttf in Resources */ = {isa = PBXBuildFile; fileRef = 562E62AD9B0B43898AD4BD43 /* MaterialIcons.ttf */; };
		D935AF59D8A3428ABF202378 /* Roboto-LightItalic.ttf in Resources */ = {isa = PBXBuildFile; fileRef = B610AC28660042F7952E429D /* Roboto-LightItalic.ttf */; };
		E4A2B588604C428290EA364D /* Roboto-Bold.ttf in Resources */ = {isa = PBXBuildFile; fileRef = 52BD0334B11046CDAE3F28D2 /* Roboto-Bold.ttf */; };
		E52EDD3973A18C104AC7C49B /* libPods-MentalHealth.a in Frameworks */ = {isa = PBXBuildFile; fileRef = 3DC667898E636E0A4DEF0998 /* libPods-MentalHealth.a */; };
		E5CB11F14B2748FC9203D151 /* Roboto-Italic.ttf in Resources */ = {isa = PBXBuildFile; fileRef = 528FBDA1855F4E03AE8F2B31 /* Roboto-Italic.ttf */; };
		F74CF168E3874292BDC5AD01 /* Roboto-BoldItalic.ttf in Resources */ = {isa = PBXBuildFile; fileRef = CFFF074189C7408CA4982322 /* Roboto-BoldItalic.ttf */; };
		F9F26A2F0B5C0087E159F98A /* (null) in Frameworks */ = {isa = PBXBuildFile; };
/* End PBXBuildFile section */

/* Begin PBXContainerItemProxy section */
		00E356F41AD99517003FC87E /* PBXContainerItemProxy */ = {
			isa = PBXContainerItemProxy;
			containerPortal = 83CBB9F71A601CBA00E9B192 /* Project object */;
			proxyType = 1;
			remoteGlobalIDString = 13B07F861A680F5B00A75B9A;
			remoteInfo = MentalHealth;
		};
/* End PBXContainerItemProxy section */

/* Begin PBXFileReference section */
		00E356EE1AD99517003FC87E /* MentalHealthTests.xctest */ = {isa = PBXFileReference; explicitFileType = wrapper.cfbundle; includeInIndex = 0; path = MentalHealthTests.xctest; sourceTree = BUILT_PRODUCTS_DIR; };
		00E356F11AD99517003FC87E /* Info.plist */ = {isa = PBXFileReference; lastKnownFileType = text.plist.xml; path = Info.plist; sourceTree = "<group>"; };
		00E356F21AD99517003FC87E /* MentalHealthTests.m */ = {isa = PBXFileReference; lastKnownFileType = sourcecode.c.objc; path = MentalHealthTests.m; sourceTree = "<group>"; };
		0719E36FDD2A4F4AA48AE7A6 /* Roboto-Thin.ttf */ = {isa = PBXFileReference; explicitFileType = undefined; fileEncoding = 9; includeInIndex = 0; lastKnownFileType = unknown; name = "Roboto-Thin.ttf"; path = "../src/assets/fonts/Roboto-Thin.ttf"; sourceTree = "<group>"; };
		0D01F1DE610A4A7BA3322F6E /* Roboto-Regular.ttf */ = {isa = PBXFileReference; explicitFileType = undefined; fileEncoding = 9; includeInIndex = 0; lastKnownFileType = unknown; name = "Roboto-Regular.ttf"; path = "../src/assets/fonts/Roboto-Regular.ttf"; sourceTree = "<group>"; };
		13B07F961A680F5B00A75B9A /* MentalHealth.app */ = {isa = PBXFileReference; explicitFileType = wrapper.application; includeInIndex = 0; path = MentalHealth.app; sourceTree = BUILT_PRODUCTS_DIR; };
		13B07FAF1A68108700A75B9A /* AppDelegate.h */ = {isa = PBXFileReference; fileEncoding = 4; lastKnownFileType = sourcecode.c.h; name = AppDelegate.h; path = MentalHealth/AppDelegate.h; sourceTree = "<group>"; };
		13B07FB01A68108700A75B9A /* AppDelegate.m */ = {isa = PBXFileReference; fileEncoding = 4; lastKnownFileType = sourcecode.c.objc; name = AppDelegate.m; path = MentalHealth/AppDelegate.m; sourceTree = "<group>"; };
		13B07FB51A68108700A75B9A /* Images.xcassets */ = {isa = PBXFileReference; lastKnownFileType = folder.assetcatalog; name = Images.xcassets; path = MentalHealth/Images.xcassets; sourceTree = "<group>"; };
		13B07FB61A68108700A75B9A /* Info.plist */ = {isa = PBXFileReference; fileEncoding = 4; lastKnownFileType = text.plist.xml; name = Info.plist; path = MentalHealth/Info.plist; sourceTree = "<group>"; };
		13B07FB71A68108700A75B9A /* main.m */ = {isa = PBXFileReference; fileEncoding = 4; lastKnownFileType = sourcecode.c.objc; name = main.m; path = MentalHealth/main.m; sourceTree = "<group>"; };
		19967BF7B0C41240F32EF109 /* Pods-MentalHealth.release.xcconfig */ = {isa = PBXFileReference; includeInIndex = 1; lastKnownFileType = text.xcconfig; name = "Pods-MentalHealth.release.xcconfig"; path = "Target Support Files/Pods-MentalHealth/Pods-MentalHealth.release.xcconfig"; sourceTree = "<group>"; };
		22ED9C83BDEEB6820AFA0767 /* Pods-MentalHealth-MentalHealthTests.debug.xcconfig */ = {isa = PBXFileReference; includeInIndex = 1; lastKnownFileType = text.xcconfig; name = "Pods-MentalHealth-MentalHealthTests.debug.xcconfig"; path = "Target Support Files/Pods-MentalHealth-MentalHealthTests/Pods-MentalHealth-MentalHealthTests.debug.xcconfig"; sourceTree = "<group>"; };
		284DF942931E4CECAF8BFBF2 /* Foundation.ttf */ = {isa = PBXFileReference; explicitFileType = undefined; fileEncoding = 9; includeInIndex = 0; lastKnownFileType = unknown; name = Foundation.ttf; path = "../node_modules/react-native-vector-icons/Fonts/Foundation.ttf"; sourceTree = "<group>"; };
		28E517671D76455CB2185AC5 /* FontAwesome5_Regular.ttf */ = {isa = PBXFileReference; explicitFileType = undefined; fileEncoding = 9; includeInIndex = 0; lastKnownFileType = unknown; name = FontAwesome5_Regular.ttf; path = "../node_modules/react-native-vector-icons/Fonts/FontAwesome5_Regular.ttf"; sourceTree = "<group>"; };
		2A25AC17FED74D0092B55F2E /* SimpleLineIcons.ttf */ = {isa = PBXFileReference; explicitFileType = undefined; fileEncoding = 9; includeInIndex = 0; lastKnownFileType = unknown; name = SimpleLineIcons.ttf; path = "../node_modules/react-native-vector-icons/Fonts/SimpleLineIcons.ttf"; sourceTree = "<group>"; };
		3183446B200A4C57BEE5178B /* MaterialCommunityIcons.ttf */ = {isa = PBXFileReference; explicitFileType = undefined; fileEncoding = 9; includeInIndex = 0; lastKnownFileType = unknown; name = MaterialCommunityIcons.ttf; path = "../node_modules/react-native-vector-icons/Fonts/MaterialCommunityIcons.ttf"; sourceTree = "<group>"; };
		37526F59253646F3A0DF63CF /* Roboto-ThinItalic.ttf */ = {isa = PBXFileReference; explicitFileType = undefined; fileEncoding = 9; includeInIndex = 0; lastKnownFileType = unknown; name = "Roboto-ThinItalic.ttf"; path = "../src/assets/fonts/Roboto-ThinItalic.ttf"; sourceTree = "<group>"; };
		3DC667898E636E0A4DEF0998 /* libPods-MentalHealth.a */ = {isa = PBXFileReference; explicitFileType = archive.ar; includeInIndex = 0; path = "libPods-MentalHealth.a"; sourceTree = BUILT_PRODUCTS_DIR; };
		528FBDA1855F4E03AE8F2B31 /* Roboto-Italic.ttf */ = {isa = PBXFileReference; explicitFileType = undefined; fileEncoding = 9; includeInIndex = 0; lastKnownFileType = unknown; name = "Roboto-Italic.ttf"; path = "../src/assets/fonts/Roboto-Italic.ttf"; sourceTree = "<group>"; };
		52BD0334B11046CDAE3F28D2 /* Roboto-Bold.ttf */ = {isa = PBXFileReference; explicitFileType = undefined; fileEncoding = 9; includeInIndex = 0; lastKnownFileType = unknown; name = "Roboto-Bold.ttf"; path = "../src/assets/fonts/Roboto-Bold.ttf"; sourceTree = "<group>"; };
		54F22738B7594D8492EE56E6 /* Entypo.ttf */ = {isa = PBXFileReference; explicitFileType = undefined; fileEncoding = 9; includeInIndex = 0; lastKnownFileType = unknown; name = Entypo.ttf; path = "../node_modules/react-native-vector-icons/Fonts/Entypo.ttf"; sourceTree = "<group>"; };
		562E62AD9B0B43898AD4BD43 /* MaterialIcons.ttf */ = {isa = PBXFileReference; explicitFileType = undefined; fileEncoding = 9; includeInIndex = 0; lastKnownFileType = unknown; name = MaterialIcons.ttf; path = "../node_modules/react-native-vector-icons/Fonts/MaterialIcons.ttf"; sourceTree = "<group>"; };
		57CC55B1B8DE4D7F94BEE961 /* Roboto-Medium.ttf */ = {isa = PBXFileReference; explicitFileType = undefined; fileEncoding = 9; includeInIndex = 0; lastKnownFileType = unknown; name = "Roboto-Medium.ttf"; path = "../src/assets/fonts/Roboto-Medium.ttf"; sourceTree = "<group>"; };
		58628273D9484ABDB29E9F18 /* EvilIcons.ttf */ = {isa = PBXFileReference; explicitFileType = undefined; fileEncoding = 9; includeInIndex = 0; lastKnownFileType = unknown; name = EvilIcons.ttf; path = "../node_modules/react-native-vector-icons/Fonts/EvilIcons.ttf"; sourceTree = "<group>"; };
		5BB5756338C049BBAA0E55D3 /* FontAwesome5_Solid.ttf */ = {isa = PBXFileReference; explicitFileType = undefined; fileEncoding = 9; includeInIndex = 0; lastKnownFileType = unknown; name = FontAwesome5_Solid.ttf; path = "../node_modules/react-native-vector-icons/Fonts/FontAwesome5_Solid.ttf"; sourceTree = "<group>"; };
		5DF1B0DE09E97527FC708632 /* libPods-MentalHealth-MentalHealthTests.a */ = {isa = PBXFileReference; explicitFileType = archive.ar; includeInIndex = 0; path = "libPods-MentalHealth-MentalHealthTests.a"; sourceTree = BUILT_PRODUCTS_DIR; };
		6CD31BA84AD34D2BA362D214 /* Roboto-Light.ttf */ = {isa = PBXFileReference; explicitFileType = undefined; fileEncoding = 9; includeInIndex = 0; lastKnownFileType = unknown; name = "Roboto-Light.ttf"; path = "../src/assets/fonts/Roboto-Light.ttf"; sourceTree = "<group>"; };
		71E3F1CBA4A346FD9B3193EE /* Feather.ttf */ = {isa = PBXFileReference; explicitFileType = undefined; fileEncoding = 9; includeInIndex = 0; lastKnownFileType = unknown; name = Feather.ttf; path = "../node_modules/react-native-vector-icons/Fonts/Feather.ttf"; sourceTree = "<group>"; };
		81AB9BB72411601600AC10FF /* LaunchScreen.storyboard */ = {isa = PBXFileReference; fileEncoding = 4; lastKnownFileType = file.storyboard; name = LaunchScreen.storyboard; path = MentalHealth/LaunchScreen.storyboard; sourceTree = "<group>"; };
		913D09AC068A474EB0D437B1 /* AntDesign.ttf */ = {isa = PBXFileReference; explicitFileType = undefined; fileEncoding = 9; includeInIndex = 0; lastKnownFileType = unknown; name = AntDesign.ttf; path = "../node_modules/react-native-vector-icons/Fonts/AntDesign.ttf"; sourceTree = "<group>"; };
		A1C989EDC0B7FFB683EEEFE4 /* Pods-MentalHealth-MentalHealthTests.release.xcconfig */ = {isa = PBXFileReference; includeInIndex = 1; lastKnownFileType = text.xcconfig; name = "Pods-MentalHealth-MentalHealthTests.release.xcconfig"; path = "Target Support Files/Pods-MentalHealth-MentalHealthTests/Pods-MentalHealth-MentalHealthTests.release.xcconfig"; sourceTree = "<group>"; };
		A535BDB6F83D42CA85B640B7 /* Ionicons.ttf */ = {isa = PBXFileReference; explicitFileType = undefined; fileEncoding = 9; includeInIndex = 0; lastKnownFileType = unknown; name = Ionicons.ttf; path = "../node_modules/react-native-vector-icons/Fonts/Ionicons.ttf"; sourceTree = "<group>"; };
		A774CC71AB901F30EFEFDCAB /* Pods-MentalHealth.debug.xcconfig */ = {isa = PBXFileReference; includeInIndex = 1; lastKnownFileType = text.xcconfig; name = "Pods-MentalHealth.debug.xcconfig"; path = "Target Support Files/Pods-MentalHealth/Pods-MentalHealth.debug.xcconfig"; sourceTree = "<group>"; };
		B610AC28660042F7952E429D /* Roboto-LightItalic.ttf */ = {isa = PBXFileReference; explicitFileType = undefined; fileEncoding = 9; includeInIndex = 0; lastKnownFileType = unknown; name = "Roboto-LightItalic.ttf"; path = "../src/assets/fonts/Roboto-LightItalic.ttf"; sourceTree = "<group>"; };
		BF37BD4D228A4D269723CAC1 /* FontAwesome.ttf */ = {isa = PBXFileReference; explicitFileType = undefined; fileEncoding = 9; includeInIndex = 0; lastKnownFileType = unknown; name = FontAwesome.ttf; path = "../node_modules/react-native-vector-icons/Fonts/FontAwesome.ttf"; sourceTree = "<group>"; };
		C8EAAB0A2A334A468E2DFE11 /* Roboto-Black.ttf */ = {isa = PBXFileReference; explicitFileType = undefined; fileEncoding = 9; includeInIndex = 0; lastKnownFileType = unknown; name = "Roboto-Black.ttf"; path = "../src/assets/fonts/Roboto-Black.ttf"; sourceTree = "<group>"; };
		CBE39388797C469FBB728B7E /* Zocial.ttf */ = {isa = PBXFileReference; explicitFileType = undefined; fileEncoding = 9; includeInIndex = 0; lastKnownFileType = unknown; name = Zocial.ttf; path = "../node_modules/react-native-vector-icons/Fonts/Zocial.ttf"; sourceTree = "<group>"; };
		CFFF074189C7408CA4982322 /* Roboto-BoldItalic.ttf */ = {isa = PBXFileReference; explicitFileType = undefined; fileEncoding = 9; includeInIndex = 0; lastKnownFileType = unknown; name = "Roboto-BoldItalic.ttf"; path = "../src/assets/fonts/Roboto-BoldItalic.ttf"; sourceTree = "<group>"; };
		D27EEF81D1024C889D712984 /* FontAwesome5_Brands.ttf */ = {isa = PBXFileReference; explicitFileType = undefined; fileEncoding = 9; includeInIndex = 0; lastKnownFileType = unknown; name = FontAwesome5_Brands.ttf; path = "../node_modules/react-native-vector-icons/Fonts/FontAwesome5_Brands.ttf"; sourceTree = "<group>"; };
		D64EB73B3B364069B032E7E5 /* Roboto-MediumItalic.ttf */ = {isa = PBXFileReference; explicitFileType = undefined; fileEncoding = 9; includeInIndex = 0; lastKnownFileType = unknown; name = "Roboto-MediumItalic.ttf"; path = "../src/assets/fonts/Roboto-MediumItalic.ttf"; sourceTree = "<group>"; };
		E0611903948D4F75A5AAF24A /* Roboto-BlackItalic.ttf */ = {isa = PBXFileReference; explicitFileType = undefined; fileEncoding = 9; includeInIndex = 0; lastKnownFileType = unknown; name = "Roboto-BlackItalic.ttf"; path = "../src/assets/fonts/Roboto-BlackItalic.ttf"; sourceTree = "<group>"; };
		E247DAA78E9C42B8A6B14223 /* Octicons.ttf */ = {isa = PBXFileReference; explicitFileType = undefined; fileEncoding = 9; includeInIndex = 0; lastKnownFileType = unknown; name = Octicons.ttf; path = "../node_modules/react-native-vector-icons/Fonts/Octicons.ttf"; sourceTree = "<group>"; };
		E63BA35360D744939442E965 /* Fontisto.ttf */ = {isa = PBXFileReference; explicitFileType = undefined; fileEncoding = 9; includeInIndex = 0; lastKnownFileType = unknown; name = Fontisto.ttf; path = "../node_modules/react-native-vector-icons/Fonts/Fontisto.ttf"; sourceTree = "<group>"; };
		ED297162215061F000B7C4FE /* JavaScriptCore.framework */ = {isa = PBXFileReference; lastKnownFileType = wrapper.framework; name = JavaScriptCore.framework; path = System/Library/Frameworks/JavaScriptCore.framework; sourceTree = SDKROOT; };
		F4AF311D57FF78228641B7A1 /* Pods-MentalHealth-MentalHealthTests.debug.xcconfig */ = {isa = PBXFileReference; includeInIndex = 1; lastKnownFileType = text.xcconfig; name = "Pods-MentalHealth-MentalHealthTests.debug.xcconfig"; path = "Target Support Files/Pods-MentalHealth-MentalHealthTests/Pods-MentalHealth-MentalHealthTests.debug.xcconfig"; sourceTree = "<group>"; };
/* End PBXFileReference section */

/* Begin PBXFrameworksBuildPhase section */
		00E356EB1AD99517003FC87E /* Frameworks */ = {
			isa = PBXFrameworksBuildPhase;
			buildActionMask = 2147483647;
			files = (
				F9F26A2F0B5C0087E159F98A /* (null) in Frameworks */,
				0885B29751FF42671FA83C3F /* libPods-MentalHealth-MentalHealthTests.a in Frameworks */,
			);
			runOnlyForDeploymentPostprocessing = 0;
		};
		13B07F8C1A680F5B00A75B9A /* Frameworks */ = {
			isa = PBXFrameworksBuildPhase;
			buildActionMask = 2147483647;
			files = (
				1AD11F58795DC48AA70CBA74 /* (null) in Frameworks */,
				E52EDD3973A18C104AC7C49B /* libPods-MentalHealth.a in Frameworks */,
			);
			runOnlyForDeploymentPostprocessing = 0;
		};
/* End PBXFrameworksBuildPhase section */

/* Begin PBXGroup section */
		00E356EF1AD99517003FC87E /* MentalHealthTests */ = {
			isa = PBXGroup;
			children = (
				00E356F21AD99517003FC87E /* MentalHealthTests.m */,
				00E356F01AD99517003FC87E /* Supporting Files */,
			);
			path = MentalHealthTests;
			sourceTree = "<group>";
		};
		00E356F01AD99517003FC87E /* Supporting Files */ = {
			isa = PBXGroup;
			children = (
				00E356F11AD99517003FC87E /* Info.plist */,
			);
			name = "Supporting Files";
			sourceTree = "<group>";
		};
		13B07FAE1A68108700A75B9A /* MentalHealth */ = {
			isa = PBXGroup;
			children = (
				13B07FAF1A68108700A75B9A /* AppDelegate.h */,
				13B07FB01A68108700A75B9A /* AppDelegate.m */,
				13B07FB51A68108700A75B9A /* Images.xcassets */,
				13B07FB61A68108700A75B9A /* Info.plist */,
				81AB9BB72411601600AC10FF /* LaunchScreen.storyboard */,
				13B07FB71A68108700A75B9A /* main.m */,
			);
			name = MentalHealth;
			sourceTree = "<group>";
		};
		2D16E6871FA4F8E400B85C8A /* Pods */ = {
			isa = PBXGroup;
			children = (
				ED297162215061F000B7C4FE /* JavaScriptCore.framework */,
				A774CC71AB901F30EFEFDCAB /* Pods-MentalHealth.debug.xcconfig */,
				19967BF7B0C41240F32EF109 /* Pods-MentalHealth.release.xcconfig */,
				F4AF311D57FF78228641B7A1 /* Pods-MentalHealth-MentalHealthTests.debug.xcconfig */,
				A1C989EDC0B7FFB683EEEFE4 /* Pods-MentalHealth-MentalHealthTests.release.xcconfig */,
			);
			path = Pods;
			sourceTree = "<group>";
		};
		6AA6ECCA696DAB36BD2EC767 /* Pods */ = {
			isa = PBXGroup;
			children = (
				22ED9C83BDEEB6820AFA0767 /* Pods-MentalHealth-MentalHealthTests.debug.xcconfig */,
			);
			path = Pods;
			sourceTree = "<group>";
		};
		832341AE1AAA6A7D00B99B32 /* Libraries */ = {
			isa = PBXGroup;
			children = (
			);
			name = Libraries;
			sourceTree = "<group>";
		};
		83CBB9F61A601CBA00E9B192 = {
			isa = PBXGroup;
			children = (
				13B07FAE1A68108700A75B9A /* MentalHealth */,
				832341AE1AAA6A7D00B99B32 /* Libraries */,
				00E356EF1AD99517003FC87E /* MentalHealthTests */,
				83CBBA001A601CBA00E9B192 /* Products */,
				2D16E6871FA4F8E400B85C8A /* Pods */,
				ECCB6150C87D4651B5C18B56 /* Resources */,
				6AA6ECCA696DAB36BD2EC767 /* Pods */,
				A9DAB4FBC01B33F8BB7B2997 /* Frameworks */,
			);
			indentWidth = 2;
			sourceTree = "<group>";
			tabWidth = 2;
			usesTabs = 0;
		};
		83CBBA001A601CBA00E9B192 /* Products */ = {
			isa = PBXGroup;
			children = (
				13B07F961A680F5B00A75B9A /* MentalHealth.app */,
				00E356EE1AD99517003FC87E /* MentalHealthTests.xctest */,
			);
			name = Products;
			sourceTree = "<group>";
		};
		A9DAB4FBC01B33F8BB7B2997 /* Frameworks */ = {
			isa = PBXGroup;
			children = (
				3DC667898E636E0A4DEF0998 /* libPods-MentalHealth.a */,
				5DF1B0DE09E97527FC708632 /* libPods-MentalHealth-MentalHealthTests.a */,
			);
			name = Frameworks;
			sourceTree = "<group>";
		};
		ECCB6150C87D4651B5C18B56 /* Resources */ = {
			isa = PBXGroup;
			children = (
				C8EAAB0A2A334A468E2DFE11 /* Roboto-Black.ttf */,
				E0611903948D4F75A5AAF24A /* Roboto-BlackItalic.ttf */,
				52BD0334B11046CDAE3F28D2 /* Roboto-Bold.ttf */,
				CFFF074189C7408CA4982322 /* Roboto-BoldItalic.ttf */,
				528FBDA1855F4E03AE8F2B31 /* Roboto-Italic.ttf */,
				6CD31BA84AD34D2BA362D214 /* Roboto-Light.ttf */,
				B610AC28660042F7952E429D /* Roboto-LightItalic.ttf */,
				57CC55B1B8DE4D7F94BEE961 /* Roboto-Medium.ttf */,
				D64EB73B3B364069B032E7E5 /* Roboto-MediumItalic.ttf */,
				0D01F1DE610A4A7BA3322F6E /* Roboto-Regular.ttf */,
				0719E36FDD2A4F4AA48AE7A6 /* Roboto-Thin.ttf */,
				37526F59253646F3A0DF63CF /* Roboto-ThinItalic.ttf */,
				913D09AC068A474EB0D437B1 /* AntDesign.ttf */,
				54F22738B7594D8492EE56E6 /* Entypo.ttf */,
				58628273D9484ABDB29E9F18 /* EvilIcons.ttf */,
				71E3F1CBA4A346FD9B3193EE /* Feather.ttf */,
				BF37BD4D228A4D269723CAC1 /* FontAwesome.ttf */,
				D27EEF81D1024C889D712984 /* FontAwesome5_Brands.ttf */,
				28E517671D76455CB2185AC5 /* FontAwesome5_Regular.ttf */,
				5BB5756338C049BBAA0E55D3 /* FontAwesome5_Solid.ttf */,
				E63BA35360D744939442E965 /* Fontisto.ttf */,
				284DF942931E4CECAF8BFBF2 /* Foundation.ttf */,
				A535BDB6F83D42CA85B640B7 /* Ionicons.ttf */,
				3183446B200A4C57BEE5178B /* MaterialCommunityIcons.ttf */,
				562E62AD9B0B43898AD4BD43 /* MaterialIcons.ttf */,
				E247DAA78E9C42B8A6B14223 /* Octicons.ttf */,
				2A25AC17FED74D0092B55F2E /* SimpleLineIcons.ttf */,
				CBE39388797C469FBB728B7E /* Zocial.ttf */,
			);
			name = Resources;
			sourceTree = "<group>";
		};
/* End PBXGroup section */

/* Begin PBXNativeTarget section */
		00E356ED1AD99517003FC87E /* MentalHealthTests */ = {
			isa = PBXNativeTarget;
			buildConfigurationList = 00E357021AD99517003FC87E /* Build configuration list for PBXNativeTarget "MentalHealthTests" */;
			buildPhases = (
				DFFBA90A226A289DB4871F14 /* [CP] Check Pods Manifest.lock */,
				00E356EA1AD99517003FC87E /* Sources */,
				00E356EB1AD99517003FC87E /* Frameworks */,
				00E356EC1AD99517003FC87E /* Resources */,
				C6120F66C13532C36D758D0F /* [CP] Embed Pods Frameworks */,
				0A4A3D0F463BC413FAED0A3B /* [CP] Copy Pods Resources */,
			);
			buildRules = (
			);
			dependencies = (
				00E356F51AD99517003FC87E /* PBXTargetDependency */,
			);
			name = MentalHealthTests;
			productName = MentalHealthTests;
			productReference = 00E356EE1AD99517003FC87E /* MentalHealthTests.xctest */;
			productType = "com.apple.product-type.bundle.unit-test";
		};
		13B07F861A680F5B00A75B9A /* MentalHealth */ = {
			isa = PBXNativeTarget;
			buildConfigurationList = 13B07F931A680F5B00A75B9A /* Build configuration list for PBXNativeTarget "MentalHealth" */;
			buildPhases = (
				688ED7269933F4CCA103E8B0 /* [CP] Check Pods Manifest.lock */,
				FD10A7F022414F080027D42C /* Start Packager */,
				13B07F871A680F5B00A75B9A /* Sources */,
				13B07F8C1A680F5B00A75B9A /* Frameworks */,
				13B07F8E1A680F5B00A75B9A /* Resources */,
				00DD1BFF1BD5951E006B06BC /* Bundle React Native code and images */,
				43F1ED37708D4F46ECBA6F1A /* [CP] Embed Pods Frameworks */,
				11A5033BB2F32D4BE82813FD /* [CP] Copy Pods Resources */,
			);
			buildRules = (
			);
			dependencies = (
			);
			name = MentalHealth;
			productName = MentalHealth;
			productReference = 13B07F961A680F5B00A75B9A /* MentalHealth.app */;
			productType = "com.apple.product-type.application";
		};
/* End PBXNativeTarget section */

/* Begin PBXProject section */
		83CBB9F71A601CBA00E9B192 /* Project object */ = {
			isa = PBXProject;
			attributes = {
				LastUpgradeCheck = 1310;
				TargetAttributes = {
					00E356ED1AD99517003FC87E = {
						CreatedOnToolsVersion = 6.2;
						TestTargetID = 13B07F861A680F5B00A75B9A;
					};
					13B07F861A680F5B00A75B9A = {
						LastSwiftMigration = 1120;
					};
				};
			};
			buildConfigurationList = 83CBB9FA1A601CBA00E9B192 /* Build configuration list for PBXProject "MentalHealth" */;
			compatibilityVersion = "Xcode 12.0";
			developmentRegion = en;
			hasScannedForEncodings = 0;
			knownRegions = (
				en,
				Base,
			);
			mainGroup = 83CBB9F61A601CBA00E9B192;
			productRefGroup = 83CBBA001A601CBA00E9B192 /* Products */;
			projectDirPath = "";
			projectRoot = "";
			targets = (
				13B07F861A680F5B00A75B9A /* MentalHealth */,
				00E356ED1AD99517003FC87E /* MentalHealthTests */,
			);
		};
/* End PBXProject section */

/* Begin PBXResourcesBuildPhase section */
		00E356EC1AD99517003FC87E /* Resources */ = {
			isa = PBXResourcesBuildPhase;
			buildActionMask = 2147483647;
			files = (
			);
			runOnlyForDeploymentPostprocessing = 0;
		};
		13B07F8E1A680F5B00A75B9A /* Resources */ = {
			isa = PBXResourcesBuildPhase;
			buildActionMask = 2147483647;
			files = (
				81AB9BB82411601600AC10FF /* LaunchScreen.storyboard in Resources */,
				13B07FBF1A68108700A75B9A /* Images.xcassets in Resources */,
				65E0D126DF7A4C04839391D7 /* Roboto-Black.ttf in Resources */,
				1CFC6142E2A94AD08D2165D8 /* Roboto-BlackItalic.ttf in Resources */,
				E4A2B588604C428290EA364D /* Roboto-Bold.ttf in Resources */,
				F74CF168E3874292BDC5AD01 /* Roboto-BoldItalic.ttf in Resources */,
				E5CB11F14B2748FC9203D151 /* Roboto-Italic.ttf in Resources */,
				5184EC6572F043788E70977B /* Roboto-Light.ttf in Resources */,
				D935AF59D8A3428ABF202378 /* Roboto-LightItalic.ttf in Resources */,
				69CCC2BCBB804519B4954715 /* Roboto-Medium.ttf in Resources */,
				246BE758E52A45178A107891 /* Roboto-MediumItalic.ttf in Resources */,
				A0F614CF8E1840C6B7D8D7C8 /* Roboto-Regular.ttf in Resources */,
				0FE084EB24354B5B8F02DEE7 /* Roboto-Thin.ttf in Resources */,
				5AE65713C9924834B1517FB6 /* Roboto-ThinItalic.ttf in Resources */,
				6C5CCAE96A34421B9C7FF6BA /* AntDesign.ttf in Resources */,
				C825C59CD4C549B9BDCF3A8F /* Entypo.ttf in Resources */,
				947205F1518241FB9FFA3BDD /* EvilIcons.ttf in Resources */,
				4DFC13DA77004000B6786A33 /* Feather.ttf in Resources */,
				678467C22DE14CC99227B6FF /* FontAwesome.ttf in Resources */,
				C0E6C9D4A10641A3BA99FAB4 /* FontAwesome5_Brands.ttf in Resources */,
				701782053EF74A5E9F8F65D8 /* FontAwesome5_Regular.ttf in Resources */,
				C12C21D531014E1A91BD6641 /* FontAwesome5_Solid.ttf in Resources */,
				AECA5C7C688B46E7BF3EE82E /* Fontisto.ttf in Resources */,
				9009E5E68715480C92C31002 /* Foundation.ttf in Resources */,
				92EBDDF138A2484AAD2939C9 /* Ionicons.ttf in Resources */,
				6B38A41D6BBD456CADF20FDD /* MaterialCommunityIcons.ttf in Resources */,
				C87F2DF68B2349A685ACBF49 /* MaterialIcons.ttf in Resources */,
				3FAF077F571A42B7BDEF2F37 /* Octicons.ttf in Resources */,
				109D24EF81AA4DCEB7783558 /* SimpleLineIcons.ttf in Resources */,
				9DE7A3F4B42846358C80B75B /* Zocial.ttf in Resources */,
			);
			runOnlyForDeploymentPostprocessing = 0;
		};
/* End PBXResourcesBuildPhase section */

/* Begin PBXShellScriptBuildPhase section */
		00DD1BFF1BD5951E006B06BC /* Bundle React Native code and images */ = {
			isa = PBXShellScriptBuildPhase;
			buildActionMask = 2147483647;
			files = (
			);
			inputPaths = (
			);
			name = "Bundle React Native code and images";
			outputPaths = (
			);
			runOnlyForDeploymentPostprocessing = 0;
			shellPath = /bin/sh;
			shellScript = "set -e\n\nexport NODE_BINARY=node\n../node_modules/react-native/scripts/react-native-xcode.sh\n";
		};
		0A4A3D0F463BC413FAED0A3B /* [CP] Copy Pods Resources */ = {
			isa = PBXShellScriptBuildPhase;
			buildActionMask = 2147483647;
			files = (
			);
			inputFileListPaths = (
				"${PODS_ROOT}/Target Support Files/Pods-MentalHealth-MentalHealthTests/Pods-MentalHealth-MentalHealthTests-resources-${CONFIGURATION}-input-files.xcfilelist",
			);
			name = "[CP] Copy Pods Resources";
			outputFileListPaths = (
				"${PODS_ROOT}/Target Support Files/Pods-MentalHealth-MentalHealthTests/Pods-MentalHealth-MentalHealthTests-resources-${CONFIGURATION}-output-files.xcfilelist",
			);
			runOnlyForDeploymentPostprocessing = 0;
			shellPath = /bin/sh;
			shellScript = "\"${PODS_ROOT}/Target Support Files/Pods-MentalHealth-MentalHealthTests/Pods-MentalHealth-MentalHealthTests-resources.sh\"\n";
			showEnvVarsInLog = 0;
		};
		11A5033BB2F32D4BE82813FD /* [CP] Copy Pods Resources */ = {
			isa = PBXShellScriptBuildPhase;
			buildActionMask = 2147483647;
			files = (
			);
			inputFileListPaths = (
			);
			name = "[CP] Copy Pods Resources";
			outputFileListPaths = (
			);
			runOnlyForDeploymentPostprocessing = 0;
			shellPath = /bin/sh;
			shellScript = "\"${PODS_ROOT}/Target Support Files/Pods-MentalHealth/Pods-MentalHealth-resources.sh\"\n";
			showEnvVarsInLog = 0;
		};
		43F1ED37708D4F46ECBA6F1A /* [CP] Embed Pods Frameworks */ = {
			isa = PBXShellScriptBuildPhase;
			buildActionMask = 2147483647;
			files = (
			);
			inputFileListPaths = (
				"${PODS_ROOT}/Target Support Files/Pods-MentalHealth/Pods-MentalHealth-frameworks-${CONFIGURATION}-input-files.xcfilelist",
			);
			name = "[CP] Embed Pods Frameworks";
			outputFileListPaths = (
				"${PODS_ROOT}/Target Support Files/Pods-MentalHealth/Pods-MentalHealth-frameworks-${CONFIGURATION}-output-files.xcfilelist",
			);
			runOnlyForDeploymentPostprocessing = 0;
			shellPath = /bin/sh;
			shellScript = "\"${PODS_ROOT}/Target Support Files/Pods-MentalHealth/Pods-MentalHealth-frameworks.sh\"\n";
			showEnvVarsInLog = 0;
		};
		688ED7269933F4CCA103E8B0 /* [CP] Check Pods Manifest.lock */ = {
			isa = PBXShellScriptBuildPhase;
			buildActionMask = 2147483647;
			files = (
			);
			inputFileListPaths = (
			);
			inputPaths = (
				"${PODS_PODFILE_DIR_PATH}/Podfile.lock",
				"${PODS_ROOT}/Manifest.lock",
			);
			name = "[CP] Check Pods Manifest.lock";
			outputFileListPaths = (
			);
			outputPaths = (
				"$(DERIVED_FILE_DIR)/Pods-MentalHealth-checkManifestLockResult.txt",
			);
			runOnlyForDeploymentPostprocessing = 0;
			shellPath = /bin/sh;
			shellScript = "diff \"${PODS_PODFILE_DIR_PATH}/Podfile.lock\" \"${PODS_ROOT}/Manifest.lock\" > /dev/null\nif [ $? != 0 ] ; then\n    # print error to STDERR\n    echo \"error: The sandbox is not in sync with the Podfile.lock. Run 'pod install' or update your CocoaPods installation.\" >&2\n    exit 1\nfi\n# This output is used by Xcode 'outputs' to avoid re-running this script phase.\necho \"SUCCESS\" > \"${SCRIPT_OUTPUT_FILE_0}\"\n";
			showEnvVarsInLog = 0;
		};
		C6120F66C13532C36D758D0F /* [CP] Embed Pods Frameworks */ = {
			isa = PBXShellScriptBuildPhase;
			buildActionMask = 2147483647;
			files = (
			);
			inputFileListPaths = (
				"${PODS_ROOT}/Target Support Files/Pods-MentalHealth-MentalHealthTests/Pods-MentalHealth-MentalHealthTests-frameworks-${CONFIGURATION}-input-files.xcfilelist",
			);
			name = "[CP] Embed Pods Frameworks";
			outputFileListPaths = (
				"${PODS_ROOT}/Target Support Files/Pods-MentalHealth-MentalHealthTests/Pods-MentalHealth-MentalHealthTests-frameworks-${CONFIGURATION}-output-files.xcfilelist",
			);
			runOnlyForDeploymentPostprocessing = 0;
			shellPath = /bin/sh;
			shellScript = "\"${PODS_ROOT}/Target Support Files/Pods-MentalHealth-MentalHealthTests/Pods-MentalHealth-MentalHealthTests-frameworks.sh\"\n";
			showEnvVarsInLog = 0;
		};
		DFFBA90A226A289DB4871F14 /* [CP] Check Pods Manifest.lock */ = {
			isa = PBXShellScriptBuildPhase;
			buildActionMask = 2147483647;
			files = (
			);
			inputFileListPaths = (
			);
			inputPaths = (
				"${PODS_PODFILE_DIR_PATH}/Podfile.lock",
				"${PODS_ROOT}/Manifest.lock",
			);
			name = "[CP] Check Pods Manifest.lock";
			outputFileListPaths = (
			);
			outputPaths = (
				"$(DERIVED_FILE_DIR)/Pods-MentalHealth-MentalHealthTests-checkManifestLockResult.txt",
			);
			runOnlyForDeploymentPostprocessing = 0;
			shellPath = /bin/sh;
			shellScript = "diff \"${PODS_PODFILE_DIR_PATH}/Podfile.lock\" \"${PODS_ROOT}/Manifest.lock\" > /dev/null\nif [ $? != 0 ] ; then\n    # print error to STDERR\n    echo \"error: The sandbox is not in sync with the Podfile.lock. Run 'pod install' or update your CocoaPods installation.\" >&2\n    exit 1\nfi\n# This output is used by Xcode 'outputs' to avoid re-running this script phase.\necho \"SUCCESS\" > \"${SCRIPT_OUTPUT_FILE_0}\"\n";
			showEnvVarsInLog = 0;
		};
		FD10A7F022414F080027D42C /* Start Packager */ = {
			isa = PBXShellScriptBuildPhase;
			buildActionMask = 2147483647;
			files = (
			);
			inputFileListPaths = (
			);
			inputPaths = (
			);
			name = "Start Packager";
			outputFileListPaths = (
			);
			outputPaths = (
			);
			runOnlyForDeploymentPostprocessing = 0;
			shellPath = /bin/sh;
			shellScript = "export RCT_METRO_PORT=\"${RCT_METRO_PORT:=8081}\"\necho \"export RCT_METRO_PORT=${RCT_METRO_PORT}\" > \"${SRCROOT}/../node_modules/react-native/scripts/.packager.env\"\nif [ -z \"${RCT_NO_LAUNCH_PACKAGER+xxx}\" ] ; then\n  if nc -w 5 -z localhost ${RCT_METRO_PORT} ; then\n    if ! curl -s \"http://localhost:${RCT_METRO_PORT}/status\" | grep -q \"packager-status:running\" ; then\n      echo \"Port ${RCT_METRO_PORT} already in use, packager is either not running or not running correctly\"\n      exit 2\n    fi\n  else\n    open \"$SRCROOT/../node_modules/react-native/scripts/launchPackager.command\" || echo \"Can't start packager automatically\"\n  fi\nfi\n";
			showEnvVarsInLog = 0;
		};
/* End PBXShellScriptBuildPhase section */

/* Begin PBXSourcesBuildPhase section */
		00E356EA1AD99517003FC87E /* Sources */ = {
			isa = PBXSourcesBuildPhase;
			buildActionMask = 2147483647;
			files = (
				00E356F31AD99517003FC87E /* MentalHealthTests.m in Sources */,
			);
			runOnlyForDeploymentPostprocessing = 0;
		};
		13B07F871A680F5B00A75B9A /* Sources */ = {
			isa = PBXSourcesBuildPhase;
			buildActionMask = 2147483647;
			files = (
				13B07FBC1A68108700A75B9A /* AppDelegate.m in Sources */,
				13B07FC11A68108700A75B9A /* main.m in Sources */,
			);
			runOnlyForDeploymentPostprocessing = 0;
		};
/* End PBXSourcesBuildPhase section */

/* Begin PBXTargetDependency section */
		00E356F51AD99517003FC87E /* PBXTargetDependency */ = {
			isa = PBXTargetDependency;
			target = 13B07F861A680F5B00A75B9A /* MentalHealth */;
			targetProxy = 00E356F41AD99517003FC87E /* PBXContainerItemProxy */;
		};
/* End PBXTargetDependency section */

/* Begin XCBuildConfiguration section */
		00E356F61AD99517003FC87E /* Debug */ = {
			isa = XCBuildConfiguration;
			baseConfigurationReference = 22ED9C83BDEEB6820AFA0767 /* Pods-MentalHealth-MentalHealthTests.debug.xcconfig */;
			buildSettings = {
				ALWAYS_EMBED_SWIFT_STANDARD_LIBRARIES = YES;
				BUNDLE_LOADER = "$(TEST_HOST)";
				GCC_PREPROCESSOR_DEFINITIONS = (
					"DEBUG=1",
					"$(inherited)",
				);
				INFOPLIST_FILE = MentalHealthTests/Info.plist;
				IPHONEOS_DEPLOYMENT_TARGET = 12.0;
				LD_RUNPATH_SEARCH_PATHS = (
					"$(inherited)",
					"@executable_path/Frameworks",
					"@loader_path/Frameworks",
				);
				OTHER_LDFLAGS = (
					"-ObjC",
					"-lc++",
					"$(inherited)",
				);
				PRODUCT_BUNDLE_IDENTIFIER = "org.reactjs.native.example.$(PRODUCT_NAME:rfc1034identifier)";
				PRODUCT_NAME = "$(TARGET_NAME)";
				TEST_HOST = "$(BUILT_PRODUCTS_DIR)/MentalHealth.app/MentalHealth";
			};
			name = Debug;
		};
		00E356F71AD99517003FC87E /* Release */ = {
			isa = XCBuildConfiguration;
			baseConfigurationReference = A1C989EDC0B7FFB683EEEFE4 /* Pods-MentalHealth-MentalHealthTests.release.xcconfig */;
			buildSettings = {
				ALWAYS_EMBED_SWIFT_STANDARD_LIBRARIES = YES;
				BUNDLE_LOADER = "$(TEST_HOST)";
				COPY_PHASE_STRIP = NO;
				INFOPLIST_FILE = MentalHealthTests/Info.plist;
				IPHONEOS_DEPLOYMENT_TARGET = 12.0;
				LD_RUNPATH_SEARCH_PATHS = (
					"$(inherited)",
					"@executable_path/Frameworks",
					"@loader_path/Frameworks",
				);
				OTHER_LDFLAGS = (
					"-ObjC",
					"-lc++",
					"$(inherited)",
				);
				PRODUCT_BUNDLE_IDENTIFIER = "org.reactjs.native.example.$(PRODUCT_NAME:rfc1034identifier)";
				PRODUCT_NAME = "$(TARGET_NAME)";
				TEST_HOST = "$(BUILT_PRODUCTS_DIR)/MentalHealth.app/MentalHealth";
			};
			name = Release;
		};
		13B07F941A680F5B00A75B9A /* Debug */ = {
			isa = XCBuildConfiguration;
			baseConfigurationReference = A774CC71AB901F30EFEFDCAB /* Pods-MentalHealth.debug.xcconfig */;
			buildSettings = {
				ASSETCATALOG_COMPILER_APPICON_NAME = AppIcon;
				CLANG_ENABLE_MODULES = YES;
				CURRENT_PROJECT_VERSION = 1;
				ENABLE_BITCODE = NO;
				INFOPLIST_FILE = MentalHealth/Info.plist;
				LD_RUNPATH_SEARCH_PATHS = (
					"$(inherited)",
					"@executable_path/Frameworks",
				);
				OTHER_LDFLAGS = (
					"$(inherited)",
					"-ObjC",
					"-lc++",
				);
				PRODUCT_BUNDLE_IDENTIFIER = "org.reactjs.native.example.$(PRODUCT_NAME:rfc1034identifier)";
				PRODUCT_NAME = MentalHealth;
				SWIFT_OPTIMIZATION_LEVEL = "-Onone";
				SWIFT_VERSION = 5.0;
				VERSIONING_SYSTEM = "apple-generic";
			};
			name = Debug;
		};
		13B07F951A680F5B00A75B9A /* Release */ = {
			isa = XCBuildConfiguration;
			baseConfigurationReference = 19967BF7B0C41240F32EF109 /* Pods-MentalHealth.release.xcconfig */;
			buildSettings = {
				ASSETCATALOG_COMPILER_APPICON_NAME = AppIcon;
				CLANG_ENABLE_MODULES = YES;
				CURRENT_PROJECT_VERSION = 1;
				INFOPLIST_FILE = MentalHealth/Info.plist;
				LD_RUNPATH_SEARCH_PATHS = (
					"$(inherited)",
					"@executable_path/Frameworks",
				);
				OTHER_LDFLAGS = (
					"$(inherited)",
					"-ObjC",
					"-lc++",
				);
				PRODUCT_BUNDLE_IDENTIFIER = "org.reactjs.native.example.$(PRODUCT_NAME:rfc1034identifier)";
				PRODUCT_NAME = MentalHealth;
				SWIFT_VERSION = 5.0;
				VERSIONING_SYSTEM = "apple-generic";
			};
			name = Release;
		};
		83CBBA201A601CBA00E9B192 /* Debug */ = {
			isa = XCBuildConfiguration;
			buildSettings = {
				ALWAYS_SEARCH_USER_PATHS = NO;
				CLANG_ANALYZER_LOCALIZABILITY_NONLOCALIZED = YES;
				CLANG_CXX_LANGUAGE_STANDARD = "gnu++0x";
				CLANG_CXX_LIBRARY = "libc++";
				CLANG_ENABLE_MODULES = YES;
				CLANG_ENABLE_OBJC_ARC = YES;
				CLANG_WARN_BLOCK_CAPTURE_AUTORELEASING = YES;
				CLANG_WARN_BOOL_CONVERSION = YES;
				CLANG_WARN_COMMA = YES;
				CLANG_WARN_CONSTANT_CONVERSION = YES;
				CLANG_WARN_DEPRECATED_OBJC_IMPLEMENTATIONS = YES;
				CLANG_WARN_DIRECT_OBJC_ISA_USAGE = YES_ERROR;
				CLANG_WARN_EMPTY_BODY = YES;
				CLANG_WARN_ENUM_CONVERSION = YES;
				CLANG_WARN_INFINITE_RECURSION = YES;
				CLANG_WARN_INT_CONVERSION = YES;
				CLANG_WARN_NON_LITERAL_NULL_CONVERSION = YES;
				CLANG_WARN_OBJC_IMPLICIT_RETAIN_SELF = YES;
				CLANG_WARN_OBJC_LITERAL_CONVERSION = YES;
				CLANG_WARN_OBJC_ROOT_CLASS = YES_ERROR;
				CLANG_WARN_QUOTED_INCLUDE_IN_FRAMEWORK_HEADER = YES;
				CLANG_WARN_RANGE_LOOP_ANALYSIS = YES;
				CLANG_WARN_STRICT_PROTOTYPES = YES;
				CLANG_WARN_SUSPICIOUS_MOVE = YES;
				CLANG_WARN_UNREACHABLE_CODE = YES;
				CLANG_WARN__DUPLICATE_METHOD_MATCH = YES;
				"CODE_SIGN_IDENTITY[sdk=iphoneos*]" = "iPhone Developer";
				COPY_PHASE_STRIP = NO;
				ENABLE_STRICT_OBJC_MSGSEND = YES;
				ENABLE_TESTABILITY = YES;
				"EXCLUDED_ARCHS[sdk=iphonesimulator*]" = "arm64 ";
				GCC_C_LANGUAGE_STANDARD = gnu99;
				GCC_DYNAMIC_NO_PIC = NO;
				GCC_NO_COMMON_BLOCKS = YES;
				GCC_OPTIMIZATION_LEVEL = 0;
				GCC_PREPROCESSOR_DEFINITIONS = (
					"DEBUG=1",
					"$(inherited)",
				);
				GCC_SYMBOLS_PRIVATE_EXTERN = NO;
				GCC_WARN_64_TO_32_BIT_CONVERSION = YES;
				GCC_WARN_ABOUT_RETURN_TYPE = YES_ERROR;
				GCC_WARN_UNDECLARED_SELECTOR = YES;
				GCC_WARN_UNINITIALIZED_AUTOS = YES_AGGRESSIVE;
				GCC_WARN_UNUSED_FUNCTION = YES;
				GCC_WARN_UNUSED_VARIABLE = YES;
				IPHONEOS_DEPLOYMENT_TARGET = 12.0;
				LD_RUNPATH_SEARCH_PATHS = (
					/usr/lib/swift,
					"$(inherited)",
				);
				LIBRARY_SEARCH_PATHS = (
					"\"$(SDKROOT)/usr/lib/swift\"",
					"\"$(TOOLCHAIN_DIR)/usr/lib/swift/$(PLATFORM_NAME)\"",
					"\"$(TOOLCHAIN_DIR)/usr/lib/swift-5.0/$(PLATFORM_NAME)\"",
					"\"$(inherited)\"",
				);
				MTL_ENABLE_DEBUG_INFO = YES;
				ONLY_ACTIVE_ARCH = YES;
				SDKROOT = iphoneos;
			};
			name = Debug;
		};
		83CBBA211A601CBA00E9B192 /* Release */ = {
			isa = XCBuildConfiguration;
			buildSettings = {
				ALWAYS_SEARCH_USER_PATHS = NO;
				CLANG_ANALYZER_LOCALIZABILITY_NONLOCALIZED = YES;
				CLANG_CXX_LANGUAGE_STANDARD = "gnu++0x";
				CLANG_CXX_LIBRARY = "libc++";
				CLANG_ENABLE_MODULES = YES;
				CLANG_ENABLE_OBJC_ARC = YES;
				CLANG_WARN_BLOCK_CAPTURE_AUTORELEASING = YES;
				CLANG_WARN_BOOL_CONVERSION = YES;
				CLANG_WARN_COMMA = YES;
				CLANG_WARN_CONSTANT_CONVERSION = YES;
				CLANG_WARN_DEPRECATED_OBJC_IMPLEMENTATIONS = YES;
				CLANG_WARN_DIRECT_OBJC_ISA_USAGE = YES_ERROR;
				CLANG_WARN_EMPTY_BODY = YES;
				CLANG_WARN_ENUM_CONVERSION = YES;
				CLANG_WARN_INFINITE_RECURSION = YES;
				CLANG_WARN_INT_CONVERSION = YES;
				CLANG_WARN_NON_LITERAL_NULL_CONVERSION = YES;
				CLANG_WARN_OBJC_IMPLICIT_RETAIN_SELF = YES;
				CLANG_WARN_OBJC_LITERAL_CONVERSION = YES;
				CLANG_WARN_OBJC_ROOT_CLASS = YES_ERROR;
				CLANG_WARN_QUOTED_INCLUDE_IN_FRAMEWORK_HEADER = YES;
				CLANG_WARN_RANGE_LOOP_ANALYSIS = YES;
				CLANG_WARN_STRICT_PROTOTYPES = YES;
				CLANG_WARN_SUSPICIOUS_MOVE = YES;
				CLANG_WARN_UNREACHABLE_CODE = YES;
				CLANG_WARN__DUPLICATE_METHOD_MATCH = YES;
				"CODE_SIGN_IDENTITY[sdk=iphoneos*]" = "iPhone Developer";
				COPY_PHASE_STRIP = YES;
				ENABLE_NS_ASSERTIONS = NO;
				ENABLE_STRICT_OBJC_MSGSEND = YES;
				"EXCLUDED_ARCHS[sdk=iphonesimulator*]" = "arm64 ";
				GCC_C_LANGUAGE_STANDARD = gnu99;
				GCC_NO_COMMON_BLOCKS = YES;
				GCC_WARN_64_TO_32_BIT_CONVERSION = YES;
				GCC_WARN_ABOUT_RETURN_TYPE = YES_ERROR;
				GCC_WARN_UNDECLARED_SELECTOR = YES;
				GCC_WARN_UNINITIALIZED_AUTOS = YES_AGGRESSIVE;
				GCC_WARN_UNUSED_FUNCTION = YES;
				GCC_WARN_UNUSED_VARIABLE = YES;
				IPHONEOS_DEPLOYMENT_TARGET = 12.0;
				LD_RUNPATH_SEARCH_PATHS = (
					/usr/lib/swift,
					"$(inherited)",
				);
				LIBRARY_SEARCH_PATHS = (
					"\"$(SDKROOT)/usr/lib/swift\"",
					"\"$(TOOLCHAIN_DIR)/usr/lib/swift/$(PLATFORM_NAME)\"",
					"\"$(TOOLCHAIN_DIR)/usr/lib/swift-5.0/$(PLATFORM_NAME)\"",
					"\"$(inherited)\"",
				);
				MTL_ENABLE_DEBUG_INFO = NO;
				SDKROOT = iphoneos;
				VALIDATE_PRODUCT = YES;
			};
			name = Release;
		};
/* End XCBuildConfiguration section */

/* Begin XCConfigurationList section */
		00E357021AD99517003FC87E /* Build configuration list for PBXNativeTarget "MentalHealthTests" */ = {
			isa = XCConfigurationList;
			buildConfigurations = (
				00E356F61AD99517003FC87E /* Debug */,
				00E356F71AD99517003FC87E /* Release */,
			);
			defaultConfigurationIsVisible = 0;
			defaultConfigurationName = Release;
		};
		13B07F931A680F5B00A75B9A /* Build configuration list for PBXNativeTarget "MentalHealth" */ = {
			isa = XCConfigurationList;
			buildConfigurations = (
				13B07F941A680F5B00A75B9A /* Debug */,
				13B07F951A680F5B00A75B9A /* Release */,
			);
			defaultConfigurationIsVisible = 0;
			defaultConfigurationName = Release;
		};
		83CBB9FA1A601CBA00E9B192 /* Build configuration list for PBXProject "MentalHealth" */ = {
			isa = XCConfigurationList;
			buildConfigurations = (
				83CBBA201A601CBA00E9B192 /* Debug */,
				83CBBA211A601CBA00E9B192 /* Release */,
			);
			defaultConfigurationIsVisible = 0;
			defaultConfigurationName = Release;
		};
/* End XCConfigurationList section */
	};
	rootObject = 83CBB9F71A601CBA00E9B192 /* Project object */;
}
